
Microsoft Visual Studio Solution File, Format Version 12.00
# Visual Studio Version 17
VisualStudioVersion = 17.0.32014.148
MinimumVisualStudioVersion = 10.0.40219.1
Project("{FAE04EC0-301F-11D3-BF4B-00C04F79EFBC}") = "Algorithms", "src\Algorithms\Algorithms.csproj", "{69F568F5-2A78-4AA0-97B6-F65BE2D53D1F}"
EndProject
Project("{2150E333-8FDC-42A3-9474-1A3956D46DE8}") = "src", "src", "{3968DBF1-342E-4938-907E-12970539D538}"
EndProject
Project("{2150E333-8FDC-42A3-9474-1A3956D46DE8}") = "test", "test", "{7EC68731-B6BB-4E82-84D8-12077E9F0C12}"
EndProject
Project("{FAE04EC0-301F-11D3-BF4B-00C04F79EFBC}") = "Algorithms.Tests", "test\Algorithms.Tests\Algorithms.Tests.csproj", "{99602A2A-5BED-49DC-90D9-C7D5CF34A944}"
EndProject
Global
	GlobalSection(SolutionConfigurationPlatforms) = preSolution
		Debug|Any CPU = Debug|Any CPU
		Release|Any CPU = Release|Any CPU
	EndGlobalSection
	GlobalSection(ProjectConfigurationPlatforms) = postSolution
		{69F568F5-2A78-4AA0-97B6-F65BE2D53D1F}.Debug|Any CPU.ActiveCfg = Debug|Any CPU
		{69F568F5-2A78-4AA0-97B6-F65BE2D53D1F}.Debug|Any CPU.Build.0 = Debug|Any CPU
		{69F568F5-2A78-4AA0-97B6-F65BE2D53D1F}.Release|Any CPU.ActiveCfg = Release|Any CPU
		{69F568F5-2A78-4AA0-97B6-F65BE2D53D1F}.Release|Any CPU.Build.0 = Release|Any CPU
		{99602A2A-5BED-49DC-90D9-C7D5CF34A944}.Debug|Any CPU.ActiveCfg = Debug|Any CPU
		{99602A2A-5BED-49DC-90D9-C7D5CF34A944}.Debug|Any CPU.Build.0 = Debug|Any CPU
		{99602A2A-5BED-49DC-90D9-C7D5CF34A944}.Release|Any CPU.ActiveCfg = Release|Any CPU
		{99602A2A-5BED-49DC-90D9-C7D5CF34A944}.Release|Any CPU.Build.0 = Release|Any CPU
	EndGlobalSection
	GlobalSection(SolutionProperties) = preSolution
		HideSolutionNode = FALSE
	EndGlobalSection
	GlobalSection(NestedProjects) = preSolution
		{69F568F5-2A78-4AA0-97B6-F65BE2D53D1F} = {3968DBF1-342E-4938-907E-12970539D538}
		{99602A2A-5BED-49DC-90D9-C7D5CF34A944} = {7EC68731-B6BB-4E82-84D8-12077E9F0C12}
	EndGlobalSection
	GlobalSection(ExtensibilityGlobals) = postSolution
		SolutionGuid = {47C70D4A-462E-4F1B-83E5-784ABEE6BB39}
	EndGlobalSection
EndGlobal
